github.com/voitenkov-courses/architecture-pro-cinemaabyss/src/microservices/movies v0.0.0-20251223131230-11e546002158 h1:CcVv6aubAhscyGU0bNMPuQD0fcJLkuDhrw339KiWGqg=
github.com/voitenkov-courses/architecture-pro-cinemaabyss/src/microservices/movies v0.0.0-20251223131230-11e546002158/go.mod h1:RGHxaPHTU3vKQsqtr21Q6mIwo2EeSuC2emXxHUJ4jEw=
